
Microsoft Visual Studio Solution File, Format Version 12.00
# Visual Studio Version 16
VisualStudioVersion = 16.0.31911.196
MinimumVisualStudioVersion = 10.0.40219.1
Project("{FAE04EC0-301F-11D3-BF4B-00C04F79EFBC}") = "MongoDBConnectionDemo", "MongoDBConnectionDemo.csproj", "{76671B6B-5F39-460B-80C7-FDFDF18AE25D}"
EndProject
Global
	GlobalSection(SolutionConfigurationPlatforms) = preSolution
		Debug|Any CPU = Debug|Any CPU
		Release|Any CPU = Release|Any CPU
	EndGlobalSection
	GlobalSection(ProjectConfigurationPlatforms) = postSolution
		{76671B6B-5F39-460B-80C7-FDFDF18AE25D}.Debug|Any CPU.ActiveCfg = Debug|Any CPU
		{76671B6B-5F39-460B-80C7-FDFDF18AE25D}.Debug|Any CPU.Build.0 = Debug|Any CPU
		{76671B6B-5F39-460B-80C7-FDFDF18AE25D}.Release|Any CPU.ActiveCfg = Release|Any CPU
		{76671B6B-5F39-460B-80C7-FDFDF18AE25D}.Release|Any CPU.Build.0 = Release|Any CPU
	EndGlobalSection
	GlobalSection(SolutionProperties) = preSolution
		HideSolutionNode = FALSE
	EndGlobalSection
	GlobalSection(ExtensibilityGlobals) = postSolution
		SolutionGuid = {667DA899-2CDD-4CE2-87EF-78BB8A3B0298}
	EndGlobalSection
EndGlobal
